// !$*UTF8*$!
{
	archiveVersion = 1;
	classes = {
	};
	objectVersion = 56;
	objects = {

/* Begin PBXBuildFile section */
		4D7213D22BD0FCD300287A24 /* GoogleService-Info.plist in Resources */ = {isa = PBXBuildFile; fileRef = 4D7213D12BD0FCD300287A24 /* GoogleService-Info.plist */; };
		4D7213E02BD0FD4D00287A24 /* FirebaseAuth in Frameworks */ = {isa = PBXBuildFile; productRef = 4D7213DF2BD0FD4D00287A24 /* FirebaseAuth */; };
		4D7213E22BD0FD4D00287A24 /* FirebaseFirestore in Frameworks */ = {isa = PBXBuildFile; productRef = 4D7213E12BD0FD4D00287A24 /* FirebaseFirestore */; };
		4D7213E42BD0FD4D00287A24 /* FirebaseFirestoreSwift in Frameworks */ = {isa = PBXBuildFile; productRef = 4D7213E32BD0FD4D00287A24 /* FirebaseFirestoreSwift */; };
		4D7213E62BD0FF0700287A24 /* LoginView.swift in Sources */ = {isa = PBXBuildFile; fileRef = 4D7213E52BD0FF0700287A24 /* LoginView.swift */; };
		4D7213E82BD1033700287A24 /* Color.swift in Sources */ = {isa = PBXBuildFile; fileRef = 4D7213E72BD1033700287A24 /* Color.swift */; };
		4D7213EC2BD1189F00287A24 /* SignUpView.swift in Sources */ = {isa = PBXBuildFile; fileRef = 4D7213EB2BD1189F00287A24 /* SignUpView.swift */; };
		67522AA82BCB0277003572B9 /* Chatter_BoxApp.swift in Sources */ = {isa = PBXBuildFile; fileRef = 67522AA72BCB0277003572B9 /* Chatter_BoxApp.swift */; };
		67522AAA2BCB0277003572B9 /* ContentView.swift in Sources */ = {isa = PBXBuildFile; fileRef = 67522AA92BCB0277003572B9 /* ContentView.swift */; };
		67522AAC2BCB027A003572B9 /* Assets.xcassets in Resources */ = {isa = PBXBuildFile; fileRef = 67522AAB2BCB027A003572B9 /* Assets.xcassets */; };
		67522AAF2BCB027A003572B9 /* Preview Assets.xcassets in Resources */ = {isa = PBXBuildFile; fileRef = 67522AAE2BCB027A003572B9 /* Preview Assets.xcassets */; };
		6E5094B02BD153E800E7F6F9 /* DashboardView.swift in Sources */ = {isa = PBXBuildFile; fileRef = 6E5094AF2BD153E800E7F6F9 /* DashboardView.swift */; };
		6E5094B22BD15A1B00E7F6F9 /* NewChatButtonView.swift in Sources */ = {isa = PBXBuildFile; fileRef = 6E5094B12BD15A1B00E7F6F9 /* NewChatButtonView.swift */; };
		6E5094B42BD15B1600E7F6F9 /* IndividualButtonView.swift in Sources */ = {isa = PBXBuildFile; fileRef = 6E5094B32BD15B1600E7F6F9 /* IndividualButtonView.swift */; };
/* End PBXBuildFile section */

/* Begin PBXFileReference section */
		4D7213D12BD0FCD300287A24 /* GoogleService-Info.plist */ = {isa = PBXFileReference; fileEncoding = 4; lastKnownFileType = text.plist.xml; path = "GoogleService-Info.plist"; sourceTree = "<group>"; };
		4D7213E52BD0FF0700287A24 /* LoginView.swift */ = {isa = PBXFileReference; lastKnownFileType = sourcecode.swift; path = LoginView.swift; sourceTree = "<group>"; };
		4D7213E72BD1033700287A24 /* Color.swift */ = {isa = PBXFileReference; lastKnownFileType = sourcecode.swift; path = Color.swift; sourceTree = "<group>"; };
		4D7213EB2BD1189F00287A24 /* SignUpView.swift */ = {isa = PBXFileReference; lastKnownFileType = sourcecode.swift; path = SignUpView.swift; sourceTree = "<group>"; };
		67522AA42BCB0277003572B9 /* Chatter Box.app */ = {isa = PBXFileReference; explicitFileType = wrapper.application; includeInIndex = 0; path = "Chatter Box.app"; sourceTree = BUILT_PRODUCTS_DIR; };
		67522AA72BCB0277003572B9 /* Chatter_BoxApp.swift */ = {isa = PBXFileReference; lastKnownFileType = sourcecode.swift; path = Chatter_BoxApp.swift; sourceTree = "<group>"; };
		67522AA92BCB0277003572B9 /* ContentView.swift */ = {isa = PBXFileReference; lastKnownFileType = sourcecode.swift; path = ContentView.swift; sourceTree = "<group>"; };
		67522AAB2BCB027A003572B9 /* Assets.xcassets */ = {isa = PBXFileReference; lastKnownFileType = folder.assetcatalog; path = Assets.xcassets; sourceTree = "<group>"; };
		67522AAE2BCB027A003572B9 /* Preview Assets.xcassets */ = {isa = PBXFileReference; lastKnownFileType = folder.assetcatalog; path = "Preview Assets.xcassets"; sourceTree = "<group>"; };
		6E5094AF2BD153E800E7F6F9 /* DashboardView.swift */ = {isa = PBXFileReference; lastKnownFileType = sourcecode.swift; path = DashboardView.swift; sourceTree = "<group>"; };
		6E5094B12BD15A1B00E7F6F9 /* NewChatButtonView.swift */ = {isa = PBXFileReference; lastKnownFileType = sourcecode.swift; path = NewChatButtonView.swift; sourceTree = "<group>"; };
		6E5094B32BD15B1600E7F6F9 /* IndividualButtonView.swift */ = {isa = PBXFileReference; lastKnownFileType = sourcecode.swift; path = IndividualButtonView.swift; sourceTree = "<group>"; };
/* End PBXFileReference section */

/* Begin PBXFrameworksBuildPhase section */
		67522AA12BCB0277003572B9 /* Frameworks */ = {
			isa = PBXFrameworksBuildPhase;
			buildActionMask = 2147483647;
			files = (
				4D7213E02BD0FD4D00287A24 /* FirebaseAuth in Frameworks */,
				4D7213E22BD0FD4D00287A24 /* FirebaseFirestore in Frameworks */,
				4D7213E42BD0FD4D00287A24 /* FirebaseFirestoreSwift in Frameworks */,
			);
			runOnlyForDeploymentPostprocessing = 0;
		};
/* End PBXFrameworksBuildPhase section */

/* Begin PBXGroup section */
		4D7213DE2BD0FD4D00287A24 /* Frameworks */ = {
			isa = PBXGroup;
			children = (
			);
			name = Frameworks;
			sourceTree = "<group>";
		};
		67522A9B2BCB0277003572B9 = {
			isa = PBXGroup;
			children = (
				67522AA62BCB0277003572B9 /* Chatter Box */,
				67522AA52BCB0277003572B9 /* Products */,
				4D7213DE2BD0FD4D00287A24 /* Frameworks */,
			);
			sourceTree = "<group>";
		};
		67522AA52BCB0277003572B9 /* Products */ = {
			isa = PBXGroup;
			children = (
				67522AA42BCB0277003572B9 /* Chatter Box.app */,
			);
			name = Products;
			sourceTree = "<group>";
		};
		67522AA62BCB0277003572B9 /* Chatter Box */ = {
			isa = PBXGroup;
			children = (
				67522AA72BCB0277003572B9 /* Chatter_BoxApp.swift */,
				4D7213D12BD0FCD300287A24 /* GoogleService-Info.plist */,
				67A624E32BCB09EE00ACE5DD /* View */,
				67A624E42BCB09F500ACE5DD /* ViewModel */,
				67A624E52BCB09FE00ACE5DD /* Model */,
				67522AAB2BCB027A003572B9 /* Assets.xcassets */,
				67522AAD2BCB027A003572B9 /* Preview Content */,
				4D7213E72BD1033700287A24 /* Color.swift */,
			);
			path = "Chatter Box";
			sourceTree = "<group>";
		};
		67522AAD2BCB027A003572B9 /* Preview Content */ = {
			isa = PBXGroup;
			children = (
				67522AAE2BCB027A003572B9 /* Preview Assets.xcassets */,
			);
			path = "Preview Content";
			sourceTree = "<group>";
		};
		67A624E32BCB09EE00ACE5DD /* View */ = {
			isa = PBXGroup;
			children = (
				67522AA92BCB0277003572B9 /* ContentView.swift */,
				4D7213E52BD0FF0700287A24 /* LoginView.swift */,
				4D7213EB2BD1189F00287A24 /* SignUpView.swift */,
				6E5094AF2BD153E800E7F6F9 /* DashboardView.swift */,
				6E5094B12BD15A1B00E7F6F9 /* NewChatButtonView.swift */,
				6E5094B32BD15B1600E7F6F9 /* IndividualButtonView.swift */,
			);
			path = View;
			sourceTree = "<group>";
		};
		67A624E42BCB09F500ACE5DD /* ViewModel */ = {
			isa = PBXGroup;
			children = (
			);
			path = ViewModel;
			sourceTree = "<group>";
		};
		67A624E52BCB09FE00ACE5DD /* Model */ = {
			isa = PBXGroup;
			children = (
			);
			path = Model;
			sourceTree = "<group>";
		};
/* End PBXGroup section */

/* Begin PBXNativeTarget section */
		67522AA32BCB0277003572B9 /* Chatter Box */ = {
			isa = PBXNativeTarget;
			buildConfigurationList = 67522AB22BCB027A003572B9 /* Build configuration list for PBXNativeTarget "Chatter Box" */;
			buildPhases = (
				67522AA02BCB0277003572B9 /* Sources */,
				67522AA12BCB0277003572B9 /* Frameworks */,
				67522AA22BCB0277003572B9 /* Resources */,
			);
			buildRules = (
			);
			dependencies = (
			);
			name = "Chatter Box";
			packageProductDependencies = (
				4D7213DF2BD0FD4D00287A24 /* FirebaseAuth */,
				4D7213E12BD0FD4D00287A24 /* FirebaseFirestore */,
				4D7213E32BD0FD4D00287A24 /* FirebaseFirestoreSwift */,
			);
			productName = "Chatter Box";
			productReference = 67522AA42BCB0277003572B9 /* Chatter Box.app */;
			productType = "com.apple.product-type.application";
		};
/* End PBXNativeTarget section */

/* Begin PBXProject section */
		67522A9C2BCB0277003572B9 /* Project object */ = {
			isa = PBXProject;
			attributes = {
				BuildIndependentTargetsInParallel = 1;
				LastSwiftUpdateCheck = 1530;
				LastUpgradeCheck = 1530;
				TargetAttributes = {
					67522AA32BCB0277003572B9 = {
						CreatedOnToolsVersion = 15.3;
					};
				};
			};
			buildConfigurationList = 67522A9F2BCB0277003572B9 /* Build configuration list for PBXProject "Chatter Box" */;
			compatibilityVersion = "Xcode 14.0";
			developmentRegion = en;
			hasScannedForEncodings = 0;
			knownRegions = (
				en,
				Base,
			);
			mainGroup = 67522A9B2BCB0277003572B9;
			packageReferences = (
				4D7213D32BD0FD1C00287A24 /* XCRemoteSwiftPackageReference "firebase-ios-sdk" */,
			);
			productRefGroup = 67522AA52BCB0277003572B9 /* Products */;
			projectDirPath = "";
			projectRoot = "";
			targets = (
				67522AA32BCB0277003572B9 /* Chatter Box */,
			);
		};
/* End PBXProject section */

/* Begin PBXResourcesBuildPhase section */
		67522AA22BCB0277003572B9 /* Resources */ = {
			isa = PBXResourcesBuildPhase;
			buildActionMask = 2147483647;
			files = (
				67522AAF2BCB027A003572B9 /* Preview Assets.xcassets in Resources */,
				67522AAC2BCB027A003572B9 /* Assets.xcassets in Resources */,
				4D7213D22BD0FCD300287A24 /* GoogleService-Info.plist in Resources */,
			);
			runOnlyForDeploymentPostprocessing = 0;
		};
/* End PBXResourcesBuildPhase section */

/* Begin PBXSourcesBuildPhase section */
		67522AA02BCB0277003572B9 /* Sources */ = {
			isa = PBXSourcesBuildPhase;
			buildActionMask = 2147483647;
			files = (
				4D7213E62BD0FF0700287A24 /* LoginView.swift in Sources */,
				6E5094B02BD153E800E7F6F9 /* DashboardView.swift in Sources */,
				4D7213EC2BD1189F00287A24 /* SignUpView.swift in Sources */,
				4D7213E82BD1033700287A24 /* Color.swift in Sources */,
				6E5094B22BD15A1B00E7F6F9 /* NewChatButtonView.swift in Sources */,
				6E5094B42BD15B1600E7F6F9 /* IndividualButtonView.swift in Sources */,
				67522AAA2BCB0277003572B9 /* ContentView.swift in Sources */,
				67522AA82BCB0277003572B9 /* Chatter_BoxApp.swift in Sources */,
			);
			runOnlyForDeploymentPostprocessing = 0;
		};
/* End PBXSourcesBuildPhase section */

/* Begin XCBuildConfiguration section */
		67522AB02BCB027A003572B9 /* Debug */ = {
			isa = XCBuildConfiguration;
			buildSettings = {
				ALWAYS_SEARCH_USER_PATHS = NO;
				ASSETCATALOG_COMPILER_GENERATE_SWIFT_ASSET_SYMBOL_EXTENSIONS = YES;
				CLANG_ANALYZER_NONNULL = YES;
				CLANG_ANALYZER_NUMBER_OBJECT_CONVERSION = YES_AGGRESSIVE;
				CLANG_CXX_LANGUAGE_STANDARD = "gnu++20";
				CLANG_ENABLE_MODULES = YES;
				CLANG_ENABLE_OBJC_ARC = YES;
				CLANG_ENABLE_OBJC_WEAK = YES;
				CLANG_WARN_BLOCK_CAPTURE_AUTORELEASING = YES;
				CLANG_WARN_BOOL_CONVERSION = YES;
				CLANG_WARN_COMMA = YES;
				CLANG_WARN_CONSTANT_CONVERSION = YES;
				CLANG_WARN_DEPRECATED_OBJC_IMPLEMENTATIONS = YES;
				CLANG_WARN_DIRECT_OBJC_ISA_USAGE = YES_ERROR;
				CLANG_WARN_DOCUMENTATION_COMMENTS = YES;
				CLANG_WARN_EMPTY_BODY = YES;
				CLANG_WARN_ENUM_CONVERSION = YES;
				CLANG_WARN_INFINITE_RECURSION = YES;
				CLANG_WARN_INT_CONVERSION = YES;
				CLANG_WARN_NON_LITERAL_NULL_CONVERSION = YES;
				CLANG_WARN_OBJC_IMPLICIT_RETAIN_SELF = YES;
				CLANG_WARN_OBJC_LITERAL_CONVERSION = YES;
				CLANG_WARN_OBJC_ROOT_CLASS = YES_ERROR;
				CLANG_WARN_QUOTED_INCLUDE_IN_FRAMEWORK_HEADER = YES;
				CLANG_WARN_RANGE_LOOP_ANALYSIS = YES;
				CLANG_WARN_STRICT_PROTOTYPES = YES;
				CLANG_WARN_SUSPICIOUS_MOVE = YES;
				CLANG_WARN_UNGUARDED_AVAILABILITY = YES_AGGRESSIVE;
				CLANG_WARN_UNREACHABLE_CODE = YES;
				CLANG_WARN__DUPLICATE_METHOD_MATCH = YES;
				COPY_PHASE_STRIP = NO;
				DEBUG_INFORMATION_FORMAT = dwarf;
				ENABLE_STRICT_OBJC_MSGSEND = YES;
				ENABLE_TESTABILITY = YES;
				ENABLE_USER_SCRIPT_SANDBOXING = YES;
				GCC_C_LANGUAGE_STANDARD = gnu17;
				GCC_DYNAMIC_NO_PIC = NO;
				GCC_NO_COMMON_BLOCKS = YES;
				GCC_OPTIMIZATION_LEVEL = 0;
				GCC_PREPROCESSOR_DEFINITIONS = (
					"DEBUG=1",
					"$(inherited)",
				);
				GCC_WARN_64_TO_32_BIT_CONVERSION = YES;
				GCC_WARN_ABOUT_RETURN_TYPE = YES_ERROR;
				GCC_WARN_UNDECLARED_SELECTOR = YES;
				GCC_WARN_UNINITIALIZED_AUTOS = YES_AGGRESSIVE;
				GCC_WARN_UNUSED_FUNCTION = YES;
				GCC_WARN_UNUSED_VARIABLE = YES;
				IPHONEOS_DEPLOYMENT_TARGET = 17.4;
				LOCALIZATION_PREFERS_STRING_CATALOGS = YES;
				MTL_ENABLE_DEBUG_INFO = INCLUDE_SOURCE;
				MTL_FAST_MATH = YES;
				ONLY_ACTIVE_ARCH = YES;
				SDKROOT = iphoneos;
				SWIFT_ACTIVE_COMPILATION_CONDITIONS = "DEBUG $(inherited)";
				SWIFT_OPTIMIZATION_LEVEL = "-Onone";
			};
			name = Debug;
		};
		67522AB12BCB027A003572B9 /* Release */ = {
			isa = XCBuildConfiguration;
			buildSettings = {
				ALWAYS_SEARCH_USER_PATHS = NO;
				ASSETCATALOG_COMPILER_GENERATE_SWIFT_ASSET_SYMBOL_EXTENSIONS = YES;
				CLANG_ANALYZER_NONNULL = YES;
				CLANG_ANALYZER_NUMBER_OBJECT_CONVERSION = YES_AGGRESSIVE;
				CLANG_CXX_LANGUAGE_STANDARD = "gnu++20";
				CLANG_ENABLE_MODULES = YES;
				CLANG_ENABLE_OBJC_ARC = YES;
				CLANG_ENABLE_OBJC_WEAK = YES;
				CLANG_WARN_BLOCK_CAPTURE_AUTORELEASING = YES;
				CLANG_WARN_BOOL_CONVERSION = YES;
				CLANG_WARN_COMMA = YES;
				CLANG_WARN_CONSTANT_CONVERSION = YES;
				CLANG_WARN_DEPRECATED_OBJC_IMPLEMENTATIONS = YES;
				CLANG_WARN_DIRECT_OBJC_ISA_USAGE = YES_ERROR;
				CLANG_WARN_DOCUMENTATION_COMMENTS = YES;
				CLANG_WARN_EMPTY_BODY = YES;
				CLANG_WARN_ENUM_CONVERSION = YES;
				CLANG_WARN_INFINITE_RECURSION = YES;
				CLANG_WARN_INT_CONVERSION = YES;
				CLANG_WARN_NON_LITERAL_NULL_CONVERSION = YES;
				CLANG_WARN_OBJC_IMPLICIT_RETAIN_SELF = YES;
				CLANG_WARN_OBJC_LITERAL_CONVERSION = YES;
				CLANG_WARN_OBJC_ROOT_CLASS = YES_ERROR;
				CLANG_WARN_QUOTED_INCLUDE_IN_FRAMEWORK_HEADER = YES;
				CLANG_WARN_RANGE_LOOP_ANALYSIS = YES;
				CLANG_WARN_STRICT_PROTOTYPES = YES;
				CLANG_WARN_SUSPICIOUS_MOVE = YES;
				CLANG_WARN_UNGUARDED_AVAILABILITY = YES_AGGRESSIVE;
				CLANG_WARN_UNREACHABLE_CODE = YES;
				CLANG_WARN__DUPLICATE_METHOD_MATCH = YES;
				COPY_PHASE_STRIP = NO;
				DEBUG_INFORMATION_FORMAT = "dwarf-with-dsym";
				ENABLE_NS_ASSERTIONS = NO;
				ENABLE_STRICT_OBJC_MSGSEND = YES;
				ENABLE_USER_SCRIPT_SANDBOXING = YES;
				GCC_C_LANGUAGE_STANDARD = gnu17;
				GCC_NO_COMMON_BLOCKS = YES;
				GCC_WARN_64_TO_32_BIT_CONVERSION = YES;
				GCC_WARN_ABOUT_RETURN_TYPE = YES_ERROR;
				GCC_WARN_UNDECLARED_SELECTOR = YES;
				GCC_WARN_UNINITIALIZED_AUTOS = YES_AGGRESSIVE;
				GCC_WARN_UNUSED_FUNCTION = YES;
				GCC_WARN_UNUSED_VARIABLE = YES;
				IPHONEOS_DEPLOYMENT_TARGET = 17.4;
				LOCALIZATION_PREFERS_STRING_CATALOGS = YES;
				MTL_ENABLE_DEBUG_INFO = NO;
				MTL_FAST_MATH = YES;
				SDKROOT = iphoneos;
				SWIFT_COMPILATION_MODE = wholemodule;
				VALIDATE_PRODUCT = YES;
			};
			name = Release;
		};
		67522AB32BCB027A003572B9 /* Debug */ = {
			isa = XCBuildConfiguration;
			buildSettings = {
				ASSETCATALOG_COMPILER_APPICON_NAME = AppIcon;
				ASSETCATALOG_COMPILER_GLOBAL_ACCENT_COLOR_NAME = AccentColor;
				CODE_SIGN_STYLE = Automatic;
				CURRENT_PROJECT_VERSION = 1;
				DEVELOPMENT_ASSET_PATHS = "\"Chatter Box/Preview Content\"";
				ENABLE_PREVIEWS = YES;
				GENERATE_INFOPLIST_FILE = YES;
				INFOPLIST_KEY_UIApplicationSceneManifest_Generation = YES;
				INFOPLIST_KEY_UIApplicationSupportsIndirectInputEvents = YES;
				INFOPLIST_KEY_UILaunchScreen_Generation = YES;
				INFOPLIST_KEY_UISupportedInterfaceOrientations_iPad = "UIInterfaceOrientationPortrait UIInterfaceOrientationPortraitUpsideDown UIInterfaceOrientationLandscapeLeft UIInterfaceOrientationLandscapeRight";
				INFOPLIST_KEY_UISupportedInterfaceOrientations_iPhone = "UIInterfaceOrientationPortrait UIInterfaceOrientationLandscapeLeft UIInterfaceOrientationLandscapeRight";
				IPHONEOS_DEPLOYMENT_TARGET = 17.2;
				LD_RUNPATH_SEARCH_PATHS = (
					"$(inherited)",
					"@executable_path/Frameworks",
				);
				MARKETING_VERSION = 1.0;
				PRODUCT_BUNDLE_IDENTIFIER = "com.codepath.Chatter-Box";
				PRODUCT_NAME = "$(TARGET_NAME)";
				SWIFT_EMIT_LOC_STRINGS = YES;
				SWIFT_VERSION = 5.0;
				TARGETED_DEVICE_FAMILY = "1,2";
			};
			name = Debug;
		};
		67522AB42BCB027A003572B9 /* Release */ = {
			isa = XCBuildConfiguration;
			buildSettings = {
				ASSETCATALOG_COMPILER_APPICON_NAME = AppIcon;
				ASSETCATALOG_COMPILER_GLOBAL_ACCENT_COLOR_NAME = AccentColor;
				CODE_SIGN_STYLE = Automatic;
				CURRENT_PROJECT_VERSION = 1;
				DEVELOPMENT_ASSET_PATHS = "\"Chatter Box/Preview Content\"";
				ENABLE_PREVIEWS = YES;
				GENERATE_INFOPLIST_FILE = YES;
				INFOPLIST_KEY_UIApplicationSceneManifest_Generation = YES;
				INFOPLIST_KEY_UIApplicationSupportsIndirectInputEvents = YES;
				INFOPLIST_KEY_UILaunchScreen_Generation = YES;
				INFOPLIST_KEY_UISupportedInterfaceOrientations_iPad = "UIInterfaceOrientationPortrait UIInterfaceOrientationPortraitUpsideDown UIInterfaceOrientationLandscapeLeft UIInterfaceOrientationLandscapeRight";
				INFOPLIST_KEY_UISupportedInterfaceOrientations_iPhone = "UIInterfaceOrientationPortrait UIInterfaceOrientationLandscapeLeft UIInterfaceOrientationLandscapeRight";
				IPHONEOS_DEPLOYMENT_TARGET = 17.2;
				LD_RUNPATH_SEARCH_PATHS = (
					"$(inherited)",
					"@executable_path/Frameworks",
				);
				MARKETING_VERSION = 1.0;
				PRODUCT_BUNDLE_IDENTIFIER = "com.codepath.Chatter-Box";
				PRODUCT_NAME = "$(TARGET_NAME)";
				SWIFT_EMIT_LOC_STRINGS = YES;
				SWIFT_VERSION = 5.0;
				TARGETED_DEVICE_FAMILY = "1,2";
			};
			name = Release;
		};
/* End XCBuildConfiguration section */

/* Begin XCConfigurationList section */
		67522A9F2BCB0277003572B9 /* Build configuration list for PBXProject "Chatter Box" */ = {
			isa = XCConfigurationList;
			buildConfigurations = (
				67522AB02BCB027A003572B9 /* Debug */,
				67522AB12BCB027A003572B9 /* Release */,
			);
			defaultConfigurationIsVisible = 0;
			defaultConfigurationName = Release;
		};
		67522AB22BCB027A003572B9 /* Build configuration list for PBXNativeTarget "Chatter Box" */ = {
			isa = XCConfigurationList;
			buildConfigurations = (
				67522AB32BCB027A003572B9 /* Debug */,
				67522AB42BCB027A003572B9 /* Release */,
			);
			defaultConfigurationIsVisible = 0;
			defaultConfigurationName = Release;
		};
/* End XCConfigurationList section */

/* Begin XCRemoteSwiftPackageReference section */
		4D7213D32BD0FD1C00287A24 /* XCRemoteSwiftPackageReference "firebase-ios-sdk" */ = {
			isa = XCRemoteSwiftPackageReference;
			repositoryURL = "https://github.com/firebase/firebase-ios-sdk";
			requirement = {
				kind = upToNextMajorVersion;
				minimumVersion = 10.24.0;
			};
		};
/* End XCRemoteSwiftPackageReference section */

/* Begin XCSwiftPackageProductDependency section */
		4D7213DF2BD0FD4D00287A24 /* FirebaseAuth */ = {
			isa = XCSwiftPackageProductDependency;
			package = 4D7213D32BD0FD1C00287A24 /* XCRemoteSwiftPackageReference "firebase-ios-sdk" */;
			productName = FirebaseAuth;
		};
		4D7213E12BD0FD4D00287A24 /* FirebaseFirestore */ = {
			isa = XCSwiftPackageProductDependency;
			package = 4D7213D32BD0FD1C00287A24 /* XCRemoteSwiftPackageReference "firebase-ios-sdk" */;
			productName = FirebaseFirestore;
		};
		4D7213E32BD0FD4D00287A24 /* FirebaseFirestoreSwift */ = {
			isa = XCSwiftPackageProductDependency;
			package = 4D7213D32BD0FD1C00287A24 /* XCRemoteSwiftPackageReference "firebase-ios-sdk" */;
			productName = FirebaseFirestoreSwift;
		};
/* End XCSwiftPackageProductDependency section */
	};
	rootObject = 67522A9C2BCB0277003572B9 /* Project object */;
}
